// !$*UTF8*$!
{
	archiveVersion = 1;
	classes = {
	};
<<<<<<< HEAD
	objectVersion = 55;
=======
<<<<<<< HEAD
	objectVersion = 50;
=======
	objectVersion = 56;
>>>>>>> develop
>>>>>>> dfa96974a2665c4f0e7f4a9e2f75234b0e8d9273
	objects = {

/* Begin PBXBuildFile section */
		11E4CA3717F3F073C1A7B033 /* Assets.xcassets in Resources */ = {isa = PBXBuildFile; fileRef = 0DE9EA2A33E8D7B5AC27A4B9 /* Assets.xcassets */; };
<<<<<<< HEAD
=======
		11F2CF31C938E605E963CA81 /* Core.framework in Embed Frameworks */ = {isa = PBXBuildFile; fileRef = F592AE35C902CB7E4AF3F5DF /* Core.framework */; platformFilter = ios; settings = {ATTRIBUTES = (CodeSignOnCopy, RemoveHeadersOnCopy, ); }; };
>>>>>>> develop
		21184637D21A73FF00E53AF4 /* Feature.framework in Frameworks */ = {isa = PBXBuildFile; fileRef = 05D7E000A703647DD9102B8F /* Feature.framework */; platformFilter = ios; };
		45CF31693F5726A2BB4D655F /* LaunchScreen.storyboard in Resources */ = {isa = PBXBuildFile; fileRef = 018F043A036853F4399E1EB6 /* LaunchScreen.storyboard */; };
		65D7654A93D9DEEC6A3AF2B7 /* TuistAssets+Setlist.swift in Sources */ = {isa = PBXBuildFile; fileRef = 03ED54D957A90FEF2F20443B /* TuistAssets+Setlist.swift */; };
		97778FDC5FD657112348D680 /* App.swift in Sources */ = {isa = PBXBuildFile; fileRef = 658D2A25A4B493B491347702 /* App.swift */; };
		AA4A905D2B5F44EF4A6128E5 /* Feature.framework in Embed Frameworks */ = {isa = PBXBuildFile; fileRef = 05D7E000A703647DD9102B8F /* Feature.framework */; platformFilter = ios; settings = {ATTRIBUTES = (CodeSignOnCopy, RemoveHeadersOnCopy, ); }; };
		E29F7D7EB357F020BF8CA2A7 /* TuistBundle+Setlist.swift in Sources */ = {isa = PBXBuildFile; fileRef = 0D4232CECB78930600E0EDDE /* TuistBundle+Setlist.swift */; };
/* End PBXBuildFile section */

/* Begin PBXContainerItemProxy section */
		7CF0F5D7D5785743B7DF4491 /* PBXContainerItemProxy */ = {
			isa = PBXContainerItemProxy;
			containerPortal = 601C713A3C15E6BE519CFFA2 /* Project object */;
			proxyType = 1;
			remoteGlobalIDString = 868CF564ED5238E041BCB1F3;
			remoteInfo = Setlist;
		};
/* End PBXContainerItemProxy section */

/* Begin PBXCopyFilesBuildPhase section */
		406DD4890ECF1656228A9F06 /* Embed Frameworks */ = {
			isa = PBXCopyFilesBuildPhase;
			buildActionMask = 2147483647;
			dstPath = "";
			dstSubfolderSpec = 10;
			files = (
				11F2CF31C938E605E963CA81 /* Core.framework in Embed Frameworks */,
				AA4A905D2B5F44EF4A6128E5 /* Feature.framework in Embed Frameworks */,
			);
			name = "Embed Frameworks";
			runOnlyForDeploymentPostprocessing = 0;
		};
		A8D2C7009BDD8E831C27935E /* Embed Frameworks */ = {
			isa = PBXCopyFilesBuildPhase;
			buildActionMask = 2147483647;
			dstPath = "";
			dstSubfolderSpec = 10;
			files = (
			);
			name = "Embed Frameworks";
			runOnlyForDeploymentPostprocessing = 0;
		};
/* End PBXCopyFilesBuildPhase section */

/* Begin PBXFileReference section */
		018F043A036853F4399E1EB6 /* LaunchScreen.storyboard */ = {isa = PBXFileReference; lastKnownFileType = file.storyboard; path = LaunchScreen.storyboard; sourceTree = "<group>"; };
		03ED54D957A90FEF2F20443B /* TuistAssets+Setlist.swift */ = {isa = PBXFileReference; lastKnownFileType = sourcecode.swift; path = "TuistAssets+Setlist.swift"; sourceTree = "<group>"; };
		04A3932CB4A4A550F38B6D0A /* Setlist.app */ = {isa = PBXFileReference; explicitFileType = wrapper.application; includeInIndex = 0; path = Setlist.app; sourceTree = BUILT_PRODUCTS_DIR; };
		05D7E000A703647DD9102B8F /* Feature.framework */ = {isa = PBXFileReference; explicitFileType = wrapper.framework; includeInIndex = 0; path = Feature.framework; sourceTree = BUILT_PRODUCTS_DIR; };
		0D4232CECB78930600E0EDDE /* TuistBundle+Setlist.swift */ = {isa = PBXFileReference; lastKnownFileType = sourcecode.swift; path = "TuistBundle+Setlist.swift"; sourceTree = "<group>"; };
		0DE9EA2A33E8D7B5AC27A4B9 /* Assets.xcassets */ = {isa = PBXFileReference; lastKnownFileType = folder.assetcatalog; path = Assets.xcassets; sourceTree = "<group>"; };
		658D2A25A4B493B491347702 /* App.swift */ = {isa = PBXFileReference; lastKnownFileType = sourcecode.swift; path = App.swift; sourceTree = "<group>"; };
		66FAE4CFDF5725510C9654A5 /* Info.plist */ = {isa = PBXFileReference; lastKnownFileType = text.plist; path = Info.plist; sourceTree = "<group>"; };
		C11848CE114DC128FE941C0C /* SetlistTests-Info.plist */ = {isa = PBXFileReference; lastKnownFileType = text.plist; path = "SetlistTests-Info.plist"; sourceTree = "<group>"; };
		CDCE4814BB0DD42EC61E17A0 /* SetlistTests.xctest */ = {isa = PBXFileReference; explicitFileType = wrapper.cfbundle; includeInIndex = 0; path = SetlistTests.xctest; sourceTree = BUILT_PRODUCTS_DIR; };
		F592AE35C902CB7E4AF3F5DF /* Core.framework */ = {isa = PBXFileReference; explicitFileType = wrapper.framework; includeInIndex = 0; path = Core.framework; sourceTree = BUILT_PRODUCTS_DIR; };
/* End PBXFileReference section */

/* Begin PBXFrameworksBuildPhase section */
		0C2FBB4344C4B48CD0753202 /* Frameworks */ = {
			isa = PBXFrameworksBuildPhase;
			buildActionMask = 2147483647;
			files = (
			);
			runOnlyForDeploymentPostprocessing = 0;
		};
		71F7CD5B99A949D3A64AA349 /* Frameworks */ = {
			isa = PBXFrameworksBuildPhase;
			buildActionMask = 2147483647;
			files = (
				21184637D21A73FF00E53AF4 /* Feature.framework in Frameworks */,
			);
			runOnlyForDeploymentPostprocessing = 0;
		};
/* End PBXFrameworksBuildPhase section */

/* Begin PBXGroup section */
		1C5BCC7DBE7194D25813EA57 /* InfoPlists */ = {
			isa = PBXGroup;
			children = (
				C11848CE114DC128FE941C0C /* SetlistTests-Info.plist */,
			);
			path = InfoPlists;
			sourceTree = "<group>";
		};
		213E8FF995A3CFF18BD301C9 /* Project */ = {
			isa = PBXGroup;
			children = (
				CE1AF00AD982FB726E40B22F /* Derived */,
				C3AE50169E0D2B3429CDE9AB /* Resources */,
				98571DDDCC2ADE95B046D45A /* Sources */,
				6FE1A42281453F7C9F6B5BDC /* Support */,
			);
			name = Project;
			sourceTree = "<group>";
		};
		6FE1A42281453F7C9F6B5BDC /* Support */ = {
			isa = PBXGroup;
			children = (
				66FAE4CFDF5725510C9654A5 /* Info.plist */,
			);
			path = Support;
			sourceTree = "<group>";
		};
		7D5480074B1429A57E3347BA = {
			isa = PBXGroup;
			children = (
				213E8FF995A3CFF18BD301C9 /* Project */,
				E270D5A2DD8C19295062C882 /* Frameworks */,
				96AF4B79DA528B7749EC9D8A /* Products */,
			);
			sourceTree = "<group>";
		};
		96AF4B79DA528B7749EC9D8A /* Products */ = {
			isa = PBXGroup;
			children = (
				F592AE35C902CB7E4AF3F5DF /* Core.framework */,
				05D7E000A703647DD9102B8F /* Feature.framework */,
				04A3932CB4A4A550F38B6D0A /* Setlist.app */,
				CDCE4814BB0DD42EC61E17A0 /* SetlistTests.xctest */,
			);
			name = Products;
			sourceTree = "<group>";
		};
		98571DDDCC2ADE95B046D45A /* Sources */ = {
			isa = PBXGroup;
			children = (
				658D2A25A4B493B491347702 /* App.swift */,
			);
			path = Sources;
			sourceTree = "<group>";
		};
		C3AE50169E0D2B3429CDE9AB /* Resources */ = {
			isa = PBXGroup;
			children = (
				0DE9EA2A33E8D7B5AC27A4B9 /* Assets.xcassets */,
				018F043A036853F4399E1EB6 /* LaunchScreen.storyboard */,
			);
			path = Resources;
			sourceTree = "<group>";
		};
		CE1AF00AD982FB726E40B22F /* Derived */ = {
			isa = PBXGroup;
			children = (
				1C5BCC7DBE7194D25813EA57 /* InfoPlists */,
				D02D45B389827647B67AC8D6 /* Sources */,
			);
			path = Derived;
			sourceTree = "<group>";
		};
		D02D45B389827647B67AC8D6 /* Sources */ = {
			isa = PBXGroup;
			children = (
				03ED54D957A90FEF2F20443B /* TuistAssets+Setlist.swift */,
				0D4232CECB78930600E0EDDE /* TuistBundle+Setlist.swift */,
			);
			path = Sources;
			sourceTree = "<group>";
		};
		E270D5A2DD8C19295062C882 /* Frameworks */ = {
			isa = PBXGroup;
			children = (
			);
			name = Frameworks;
			sourceTree = "<group>";
		};
/* End PBXGroup section */

/* Begin PBXNativeTarget section */
		868CF564ED5238E041BCB1F3 /* Setlist */ = {
			isa = PBXNativeTarget;
			buildConfigurationList = 485A868C7C514060F1E36FC0 /* Build configuration list for PBXNativeTarget "Setlist" */;
			buildPhases = (
				494512A60C7D0BD12537AA02 /* SwiftLint */,
				C012A9F5C816A3135B51CFCE /* Sources */,
				44FD4BC1EFE20084A340AD11 /* Resources */,
				406DD4890ECF1656228A9F06 /* Embed Frameworks */,
				71F7CD5B99A949D3A64AA349 /* Frameworks */,
			);
			buildRules = (
			);
			dependencies = (
			);
			name = Setlist;
			productName = Setlist;
			productReference = 04A3932CB4A4A550F38B6D0A /* Setlist.app */;
			productType = "com.apple.product-type.application";
		};
		C2CD78F96AEE99661AE40142 /* SetlistTests */ = {
			isa = PBXNativeTarget;
			buildConfigurationList = B30FA826D739E1D77AB8A795 /* Build configuration list for PBXNativeTarget "SetlistTests" */;
			buildPhases = (
				69A357AC79E42CACA2D68909 /* Sources */,
				AC1DA14CA335BCA27407F9BB /* Resources */,
				A8D2C7009BDD8E831C27935E /* Embed Frameworks */,
				0C2FBB4344C4B48CD0753202 /* Frameworks */,
			);
			buildRules = (
			);
			dependencies = (
				797BB612E2D0B41184FE7B33 /* PBXTargetDependency */,
			);
			name = SetlistTests;
			productName = SetlistTests;
			productReference = CDCE4814BB0DD42EC61E17A0 /* SetlistTests.xctest */;
			productType = "com.apple.product-type.bundle.unit-test";
		};
/* End PBXNativeTarget section */

/* Begin PBXProject section */
		601C713A3C15E6BE519CFFA2 /* Project object */ = {
			isa = PBXProject;
			attributes = {
<<<<<<< HEAD
				ORGANIZATIONNAME = com.creative8;
=======
				BuildIndependentTargetsInParallel = YES;
				ORGANIZATIONNAME = com.creative8.seta;
>>>>>>> develop
				TargetAttributes = {
					C2CD78F96AEE99661AE40142 = {
						TestTargetID = 868CF564ED5238E041BCB1F3;
					};
				};
			};
			buildConfigurationList = 69D118F316893E6C418AE0C7 /* Build configuration list for PBXProject "Setlist" */;
			compatibilityVersion = "Xcode 13.0";
			developmentRegion = en;
			hasScannedForEncodings = 0;
			knownRegions = (
				Base,
				en,
			);
			mainGroup = 7D5480074B1429A57E3347BA;
			productRefGroup = 96AF4B79DA528B7749EC9D8A /* Products */;
			projectDirPath = "";
			projectRoot = "";
			targets = (
				868CF564ED5238E041BCB1F3 /* Setlist */,
				C2CD78F96AEE99661AE40142 /* SetlistTests */,
			);
		};
/* End PBXProject section */

/* Begin PBXResourcesBuildPhase section */
		44FD4BC1EFE20084A340AD11 /* Resources */ = {
			isa = PBXResourcesBuildPhase;
			buildActionMask = 2147483647;
			files = (
				11E4CA3717F3F073C1A7B033 /* Assets.xcassets in Resources */,
				45CF31693F5726A2BB4D655F /* LaunchScreen.storyboard in Resources */,
			);
			runOnlyForDeploymentPostprocessing = 0;
		};
		AC1DA14CA335BCA27407F9BB /* Resources */ = {
			isa = PBXResourcesBuildPhase;
			buildActionMask = 2147483647;
			files = (
			);
			runOnlyForDeploymentPostprocessing = 0;
		};
/* End PBXResourcesBuildPhase section */

/* Begin PBXShellScriptBuildPhase section */
		494512A60C7D0BD12537AA02 /* SwiftLint */ = {
			isa = PBXShellScriptBuildPhase;
			alwaysOutOfDate = 1;
			buildActionMask = 2147483647;
			files = (
			);
			inputFileListPaths = (
			);
			inputPaths = (
			);
			name = SwiftLint;
			outputFileListPaths = (
			);
			outputPaths = (
			);
			runOnlyForDeploymentPostprocessing = 0;
			shellPath = /bin/sh;
<<<<<<< HEAD
			shellScript = "ROOT_DIR=/Users/jangsumin/Setlist/MacC-Team12-Creative8\n        \n${ROOT_DIR}/swiftlint --config ${ROOT_DIR}/.swiftlint.yml";
=======
<<<<<<< HEAD
<<<<<<< HEAD
			shellScript = "ROOT_DIR=/Users/a_mcflurry/Desktop/Setlist/#12/New/MacC-Team12-Creative8\n        \n${ROOT_DIR}/swiftlint --config ${ROOT_DIR}/.swiftlint.yml";
=======
			shellScript = "ROOT_DIR=\n        \n${ROOT_DIR}/swiftlint --config ${ROOT_DIR}/.swiftlint.yml";
>>>>>>> ebf18f1d9698973293266b781ab0d3d6c3cb8a92
=======
			shellScript = "ROOT_DIR=/Users/a_mcflurry/Desktop/Setlist/#11/MacC-Team12-Creative8\n        \n${ROOT_DIR}/swiftlint --config ${ROOT_DIR}/.swiftlint.yml";
>>>>>>> develop
>>>>>>> develop
		};
/* End PBXShellScriptBuildPhase section */

/* Begin PBXSourcesBuildPhase section */
		69A357AC79E42CACA2D68909 /* Sources */ = {
			isa = PBXSourcesBuildPhase;
			buildActionMask = 2147483647;
			files = (
			);
			runOnlyForDeploymentPostprocessing = 0;
		};
		C012A9F5C816A3135B51CFCE /* Sources */ = {
			isa = PBXSourcesBuildPhase;
			buildActionMask = 2147483647;
			files = (
				65D7654A93D9DEEC6A3AF2B7 /* TuistAssets+Setlist.swift in Sources */,
				E29F7D7EB357F020BF8CA2A7 /* TuistBundle+Setlist.swift in Sources */,
				97778FDC5FD657112348D680 /* App.swift in Sources */,
			);
			runOnlyForDeploymentPostprocessing = 0;
		};
/* End PBXSourcesBuildPhase section */

/* Begin PBXTargetDependency section */
		797BB612E2D0B41184FE7B33 /* PBXTargetDependency */ = {
			isa = PBXTargetDependency;
			name = Setlist;
			target = 868CF564ED5238E041BCB1F3 /* Setlist */;
			targetProxy = 7CF0F5D7D5785743B7DF4491 /* PBXContainerItemProxy */;
		};
/* End PBXTargetDependency section */

/* Begin XCBuildConfiguration section */
		0BD452EB5E4806D69759D9DD /* Release */ = {
			isa = XCBuildConfiguration;
			buildSettings = {
				BUNDLE_LOADER = "$(TEST_HOST)";
				CODE_SIGN_IDENTITY = "iPhone Developer";
				INFOPLIST_FILE = "Derived/InfoPlists/SetlistTests-Info.plist";
				IPHONEOS_DEPLOYMENT_TARGET = 17.0;
				LD_RUNPATH_SEARCH_PATHS = (
					"$(inherited)",
					"@executable_path/Frameworks",
					"@loader_path/Frameworks",
				);
				PRODUCT_BUNDLE_IDENTIFIER = com.creative8.seta.SetlistTests;
				PRODUCT_NAME = SetlistTests;
				SDKROOT = iphoneos;
				SUPPORTS_MACCATALYST = NO;
				SUPPORTS_MAC_DESIGNED_FOR_IPHONE_IPAD = YES;
				SWIFT_COMPILATION_MODE = wholemodule;
				SWIFT_OPTIMIZATION_LEVEL = "-Owholemodule";
				SWIFT_VERSION = 5.0;
				TARGETED_DEVICE_FAMILY = 1;
				TEST_HOST = "$(BUILT_PRODUCTS_DIR)/Setlist.app/Setlist";
				TEST_TARGET_NAME = Setlist;
			};
			name = Release;
		};
		27E7261CB7C82AAE1E187B43 /* Release */ = {
			isa = XCBuildConfiguration;
			buildSettings = {
				ASSETCATALOG_COMPILER_APPICON_NAME = AppIcon;
				CODE_SIGN_IDENTITY = "iPhone Developer";
<<<<<<< HEAD
<<<<<<< HEAD
				DEVELOPMENT_TEAM = 2QWMDJG53V;
=======
>>>>>>> 5822be0fbd165b34e732c4d39c5f31d9ee3b71e4
=======
				DEVELOPMENT_TEAM = Y7F2ZW9QG3;
=======
				DEVELOPMENT_TEAM = 2QWMDJG53V;
>>>>>>> develop
>>>>>>> dfa96974a2665c4f0e7f4a9e2f75234b0e8d9273
				ENABLE_PREVIEWS = YES;
				INFOPLIST_FILE = Support/Info.plist;
				IPHONEOS_DEPLOYMENT_TARGET = 17.0;
				LD_RUNPATH_SEARCH_PATHS = (
					"$(inherited)",
					"@executable_path/Frameworks",
				);
				PRODUCT_BUNDLE_IDENTIFIER = com.creative8.seta;
				PRODUCT_NAME = Setlist;
				SDKROOT = iphoneos;
				SUPPORTS_MACCATALYST = NO;
				SUPPORTS_MAC_DESIGNED_FOR_IPHONE_IPAD = YES;
				SWIFT_COMPILATION_MODE = wholemodule;
				SWIFT_OPTIMIZATION_LEVEL = "-Owholemodule";
				SWIFT_VERSION = 5.0;
				TARGETED_DEVICE_FAMILY = 1;
			};
			name = Release;
		};
		30C8FC7AD6151FA00C9DF97C /* Debug */ = {
			isa = XCBuildConfiguration;
			buildSettings = {
				BUNDLE_LOADER = "$(TEST_HOST)";
				CODE_SIGN_IDENTITY = "iPhone Developer";
				INFOPLIST_FILE = "Derived/InfoPlists/SetlistTests-Info.plist";
				IPHONEOS_DEPLOYMENT_TARGET = 17.0;
				LD_RUNPATH_SEARCH_PATHS = (
					"$(inherited)",
					"@executable_path/Frameworks",
					"@loader_path/Frameworks",
				);
				PRODUCT_BUNDLE_IDENTIFIER = com.creative8.seta.SetlistTests;
				PRODUCT_NAME = SetlistTests;
				SDKROOT = iphoneos;
				SUPPORTS_MACCATALYST = NO;
				SUPPORTS_MAC_DESIGNED_FOR_IPHONE_IPAD = YES;
				SWIFT_ACTIVE_COMPILATION_CONDITIONS = DEBUG;
				SWIFT_COMPILATION_MODE = singlefile;
				SWIFT_OPTIMIZATION_LEVEL = "-Onone";
				SWIFT_VERSION = 5.0;
				TARGETED_DEVICE_FAMILY = 1;
				TEST_HOST = "$(BUILT_PRODUCTS_DIR)/Setlist.app/Setlist";
				TEST_TARGET_NAME = Setlist;
			};
			name = Debug;
		};
		3790B0D6C8B4077B1E6D87E8 /* Debug */ = {
			isa = XCBuildConfiguration;
			buildSettings = {
				ALWAYS_SEARCH_USER_PATHS = NO;
				CLANG_ANALYZER_LOCALIZABILITY_NONLOCALIZED = YES;
				CLANG_ANALYZER_NONNULL = YES;
				CLANG_ANALYZER_NUMBER_OBJECT_CONVERSION = YES_AGGRESSIVE;
				CLANG_CXX_LANGUAGE_STANDARD = "gnu++14";
				CLANG_CXX_LIBRARY = "libc++";
				CLANG_ENABLE_MODULES = YES;
				CLANG_ENABLE_OBJC_ARC = YES;
				CLANG_ENABLE_OBJC_WEAK = YES;
				CLANG_WARN_BLOCK_CAPTURE_AUTORELEASING = YES;
				CLANG_WARN_BOOL_CONVERSION = YES;
				CLANG_WARN_COMMA = YES;
				CLANG_WARN_CONSTANT_CONVERSION = YES;
				CLANG_WARN_DEPRECATED_OBJC_IMPLEMENTATIONS = YES;
				CLANG_WARN_DIRECT_OBJC_ISA_USAGE = YES_ERROR;
				CLANG_WARN_DOCUMENTATION_COMMENTS = YES;
				CLANG_WARN_EMPTY_BODY = YES;
				CLANG_WARN_ENUM_CONVERSION = YES;
				CLANG_WARN_INFINITE_RECURSION = YES;
				CLANG_WARN_INT_CONVERSION = YES;
				CLANG_WARN_NON_LITERAL_NULL_CONVERSION = YES;
				CLANG_WARN_OBJC_IMPLICIT_RETAIN_SELF = YES;
				CLANG_WARN_OBJC_LITERAL_CONVERSION = YES;
				CLANG_WARN_OBJC_ROOT_CLASS = YES_ERROR;
				CLANG_WARN_QUOTED_INCLUDE_IN_FRAMEWORK_HEADER = YES;
				CLANG_WARN_RANGE_LOOP_ANALYSIS = YES;
				CLANG_WARN_STRICT_PROTOTYPES = YES;
				CLANG_WARN_SUSPICIOUS_MOVE = YES;
				CLANG_WARN_UNGUARDED_AVAILABILITY = YES_AGGRESSIVE;
				CLANG_WARN_UNREACHABLE_CODE = YES;
				CLANG_WARN__DUPLICATE_METHOD_MATCH = YES;
				COPY_PHASE_STRIP = NO;
				DEAD_CODE_STRIPPING = YES;
				DEBUG_INFORMATION_FORMAT = dwarf;
				ENABLE_STRICT_OBJC_MSGSEND = YES;
				ENABLE_TESTABILITY = YES;
				GCC_C_LANGUAGE_STANDARD = gnu11;
				GCC_DYNAMIC_NO_PIC = NO;
				GCC_NO_COMMON_BLOCKS = YES;
				GCC_OPTIMIZATION_LEVEL = 0;
				GCC_PREPROCESSOR_DEFINITIONS = (
					"DEBUG=1",
					"$(inherited)",
				);
				GCC_WARN_64_TO_32_BIT_CONVERSION = YES;
				GCC_WARN_ABOUT_RETURN_TYPE = YES_ERROR;
				GCC_WARN_UNDECLARED_SELECTOR = YES;
				GCC_WARN_UNINITIALIZED_AUTOS = YES_AGGRESSIVE;
				GCC_WARN_UNUSED_FUNCTION = YES;
				GCC_WARN_UNUSED_VARIABLE = YES;
				MTL_ENABLE_DEBUG_INFO = YES;
				ONLY_ACTIVE_ARCH = YES;
				PRODUCT_NAME = "$(TARGET_NAME)";
			};
			name = Debug;
		};
		3F979DD741F4CE9F4D5C0888 /* Debug */ = {
			isa = XCBuildConfiguration;
			buildSettings = {
				ASSETCATALOG_COMPILER_APPICON_NAME = AppIcon;
				CODE_SIGN_IDENTITY = "iPhone Developer";
<<<<<<< HEAD
<<<<<<< HEAD
				DEVELOPMENT_TEAM = 2QWMDJG53V;
=======
>>>>>>> 5822be0fbd165b34e732c4d39c5f31d9ee3b71e4
=======
				DEVELOPMENT_TEAM = Y7F2ZW9QG3;
=======
				DEVELOPMENT_TEAM = 2QWMDJG53V;
>>>>>>> develop
>>>>>>> dfa96974a2665c4f0e7f4a9e2f75234b0e8d9273
				ENABLE_PREVIEWS = YES;
				INFOPLIST_FILE = Support/Info.plist;
				IPHONEOS_DEPLOYMENT_TARGET = 17.0;
				LD_RUNPATH_SEARCH_PATHS = (
					"$(inherited)",
					"@executable_path/Frameworks",
				);
				PRODUCT_BUNDLE_IDENTIFIER = com.creative8.seta;
				PRODUCT_NAME = Setlist;
				SDKROOT = iphoneos;
				SUPPORTS_MACCATALYST = NO;
				SUPPORTS_MAC_DESIGNED_FOR_IPHONE_IPAD = YES;
				SWIFT_ACTIVE_COMPILATION_CONDITIONS = DEBUG;
				SWIFT_COMPILATION_MODE = singlefile;
				SWIFT_OPTIMIZATION_LEVEL = "-Onone";
				SWIFT_VERSION = 5.0;
				TARGETED_DEVICE_FAMILY = 1;
			};
			name = Debug;
		};
		59613DA8686AC2FDCAB0E741 /* Release */ = {
			isa = XCBuildConfiguration;
			buildSettings = {
				ALWAYS_SEARCH_USER_PATHS = NO;
				CLANG_ANALYZER_LOCALIZABILITY_NONLOCALIZED = YES;
				CLANG_ANALYZER_NONNULL = YES;
				CLANG_ANALYZER_NUMBER_OBJECT_CONVERSION = YES_AGGRESSIVE;
				CLANG_CXX_LANGUAGE_STANDARD = "gnu++14";
				CLANG_CXX_LIBRARY = "libc++";
				CLANG_ENABLE_MODULES = YES;
				CLANG_ENABLE_OBJC_ARC = YES;
				CLANG_ENABLE_OBJC_WEAK = YES;
				CLANG_WARN_BLOCK_CAPTURE_AUTORELEASING = YES;
				CLANG_WARN_BOOL_CONVERSION = YES;
				CLANG_WARN_COMMA = YES;
				CLANG_WARN_CONSTANT_CONVERSION = YES;
				CLANG_WARN_DEPRECATED_OBJC_IMPLEMENTATIONS = YES;
				CLANG_WARN_DIRECT_OBJC_ISA_USAGE = YES_ERROR;
				CLANG_WARN_DOCUMENTATION_COMMENTS = YES;
				CLANG_WARN_EMPTY_BODY = YES;
				CLANG_WARN_ENUM_CONVERSION = YES;
				CLANG_WARN_INFINITE_RECURSION = YES;
				CLANG_WARN_INT_CONVERSION = YES;
				CLANG_WARN_NON_LITERAL_NULL_CONVERSION = YES;
				CLANG_WARN_OBJC_IMPLICIT_RETAIN_SELF = YES;
				CLANG_WARN_OBJC_LITERAL_CONVERSION = YES;
				CLANG_WARN_OBJC_ROOT_CLASS = YES_ERROR;
				CLANG_WARN_QUOTED_INCLUDE_IN_FRAMEWORK_HEADER = YES;
				CLANG_WARN_RANGE_LOOP_ANALYSIS = YES;
				CLANG_WARN_STRICT_PROTOTYPES = YES;
				CLANG_WARN_SUSPICIOUS_MOVE = YES;
				CLANG_WARN_UNGUARDED_AVAILABILITY = YES_AGGRESSIVE;
				CLANG_WARN_UNREACHABLE_CODE = YES;
				CLANG_WARN__DUPLICATE_METHOD_MATCH = YES;
				COPY_PHASE_STRIP = NO;
				DEAD_CODE_STRIPPING = YES;
				DEBUG_INFORMATION_FORMAT = "dwarf-with-dsym";
				ENABLE_NS_ASSERTIONS = NO;
				ENABLE_STRICT_OBJC_MSGSEND = YES;
				GCC_C_LANGUAGE_STANDARD = gnu11;
				GCC_NO_COMMON_BLOCKS = YES;
				GCC_WARN_64_TO_32_BIT_CONVERSION = YES;
				GCC_WARN_ABOUT_RETURN_TYPE = YES_ERROR;
				GCC_WARN_UNDECLARED_SELECTOR = YES;
				GCC_WARN_UNINITIALIZED_AUTOS = YES_AGGRESSIVE;
				GCC_WARN_UNUSED_FUNCTION = YES;
				GCC_WARN_UNUSED_VARIABLE = YES;
				MTL_ENABLE_DEBUG_INFO = NO;
				PRODUCT_NAME = "$(TARGET_NAME)";
				VALIDATE_PRODUCT = YES;
			};
			name = Release;
		};
/* End XCBuildConfiguration section */

/* Begin XCConfigurationList section */
		485A868C7C514060F1E36FC0 /* Build configuration list for PBXNativeTarget "Setlist" */ = {
			isa = XCConfigurationList;
			buildConfigurations = (
				3F979DD741F4CE9F4D5C0888 /* Debug */,
				27E7261CB7C82AAE1E187B43 /* Release */,
			);
			defaultConfigurationIsVisible = 0;
			defaultConfigurationName = Release;
		};
		69D118F316893E6C418AE0C7 /* Build configuration list for PBXProject "Setlist" */ = {
			isa = XCConfigurationList;
			buildConfigurations = (
				3790B0D6C8B4077B1E6D87E8 /* Debug */,
				59613DA8686AC2FDCAB0E741 /* Release */,
			);
			defaultConfigurationIsVisible = 0;
			defaultConfigurationName = Release;
		};
		B30FA826D739E1D77AB8A795 /* Build configuration list for PBXNativeTarget "SetlistTests" */ = {
			isa = XCConfigurationList;
			buildConfigurations = (
				30C8FC7AD6151FA00C9DF97C /* Debug */,
				0BD452EB5E4806D69759D9DD /* Release */,
			);
			defaultConfigurationIsVisible = 0;
			defaultConfigurationName = Release;
		};
/* End XCConfigurationList section */
	};
	rootObject = 601C713A3C15E6BE519CFFA2 /* Project object */;
}
