// !$*UTF8*$!
{
	archiveVersion = 1;
	classes = {
	};
	objectVersion = 55;
	objects = {

/* Begin PBXBuildFile section */
		03EA814D84858AD2B3D35638 /* ArtistView.swift in Sources */ = {isa = PBXBuildFile; fileRef = 203EB1D01BAE365D00E42F60 /* ArtistView.swift */; };
		069FC56BB3B65A8510E24FE4 /* OnboardingViewModel.swift in Sources */ = {isa = PBXBuildFile; fileRef = 8083107765017313EF49CE3A /* OnboardingViewModel.swift */; };
		08A19712E89A1D55144198CA /* SearchView.swift in Sources */ = {isa = PBXBuildFile; fileRef = 0262BAC1BBABEA8ACE800B1F /* SearchView.swift */; };
		1534C309B3179EAE42C4FFD2 /* BottomView.swift in Sources */ = {isa = PBXBuildFile; fileRef = 8F2175F963B082B7C3E85D54 /* BottomView.swift */; };
		2426977C88C49F8E00251361 /* ArchivingView.swift in Sources */ = {isa = PBXBuildFile; fileRef = C4F40CB8FD2904D8042D3C70 /* ArchivingView.swift */; };
		26207C1F0FDC8804D56D3F9F /* AskView.swift in Sources */ = {isa = PBXBuildFile; fileRef = B91DB9D35DA30A20216AC9A4 /* AskView.swift */; };
		2B00133D0C22198A1958FCDA /* EmptyMainSetlistView.swift in Sources */ = {isa = PBXBuildFile; fileRef = 6C634BCB7AED0EC2483D8164 /* EmptyMainSetlistView.swift */; };
		33B67F64711DE0EEBC7CFDEA /* SearchHistoryCell.swift in Sources */ = {isa = PBXBuildFile; fileRef = 206B4F74512203B8DC967D75 /* SearchHistoryCell.swift */; };
		351EAAF6DF49AD4AAEB6CBF4 /* MenuButton.swift in Sources */ = {isa = PBXBuildFile; fileRef = 5AAF56B0153354883134B7D3 /* MenuButton.swift */; };
		3819C7BC063EFDCA572FD7BF /* Core.framework in Frameworks */ = {isa = PBXBuildFile; fileRef = 35F364327687E6A20628F831 /* Core.framework */; };
		390C2CA1FA51DFD3ADDB15F7 /* ExportPlaylistButtonView.swift in Sources */ = {isa = PBXBuildFile; fileRef = B4A38AC09140A2108728005D /* ExportPlaylistButtonView.swift */; };
		45E137825C53EDE9F91D957D /* BottomModalView.swift in Sources */ = {isa = PBXBuildFile; fileRef = 57FE13EFCC7261456CCD9E03 /* BottomModalView.swift */; };
		460E36BE01BF8CD2CCB18941 /* ListView.swift in Sources */ = {isa = PBXBuildFile; fileRef = 4CB52FD2A86596385940F794 /* ListView.swift */; };
		4C0C8A9631102214FC39D7B5 /* ServiceExplainView.swift in Sources */ = {isa = PBXBuildFile; fileRef = 5547AB6C678181B9B5E5E98A /* ServiceExplainView.swift */; };
		50075F8687CFE39236D263F4 /* ArchivingViewModel.swift in Sources */ = {isa = PBXBuildFile; fileRef = 8B73D1E3286777029DFCAF2E /* ArchivingViewModel.swift */; };
		5F88406A5A4A13DE97BEE8A3 /* ToastMessageView.swift in Sources */ = {isa = PBXBuildFile; fileRef = 520D7FEEBF2374CD2488C71B /* ToastMessageView.swift */; };
		5FE54878808838FA5FDA55AE /* ArtistSetCell.swift in Sources */ = {isa = PBXBuildFile; fileRef = 86CF8DBA75F2F66BCEC1D711 /* ArtistSetCell.swift */; };
		6272736B46A19746BC5ECD16 /* EmptyMainView.swift in Sources */ = {isa = PBXBuildFile; fileRef = 80859AB1C625F8E5EC6CCD1C /* EmptyMainView.swift */; };
		63DD0A2B661E07B3E70974F0 /* DarkModeButton.swift in Sources */ = {isa = PBXBuildFile; fileRef = 6E0BE38C7EFD9CE48B16FAE4 /* DarkModeButton.swift */; };
		6EA0587A8956D298CD666573 /* MainViewModel.swift in Sources */ = {isa = PBXBuildFile; fileRef = B2CAF19513FC0FC8E2BBF031 /* MainViewModel.swift */; };
		720A765913530AA37CFF00B4 /* TabBarView.swift in Sources */ = {isa = PBXBuildFile; fileRef = B7F2F8F05B58D59460428D7A /* TabBarView.swift */; };
		7611BAD555C16F6A7E0CEA5C /* ArtistImage.swift in Sources */ = {isa = PBXBuildFile; fileRef = DAD79847FF98BCA9A4C8CCAF /* ArtistImage.swift */; };
		7895A841E262B3C4586F6BDC /* MainView.swift in Sources */ = {isa = PBXBuildFile; fileRef = 811EED38EE073FA6E9252D7F /* MainView.swift */; };
		802686A7E7B66DD12F44A9A9 /* SetlistFMLinkButtonView.swift in Sources */ = {isa = PBXBuildFile; fileRef = 493DEF5A3CB257D50F23D1F6 /* SetlistFMLinkButtonView.swift */; };
		900EC881930541C98C607D30 /* SearchArtistList.swift in Sources */ = {isa = PBXBuildFile; fileRef = AB796CBAC6A2C6DB4ACE654E /* SearchArtistList.swift */; };
		99E8610FF72038F8F89492B4 /* ToolbarDarkModeButtons.swift in Sources */ = {isa = PBXBuildFile; fileRef = EA12FF50D8AA023C2189056A /* ToolbarDarkModeButtons.swift */; };
		9BDAC9C92EE177410F1DBF27 /* ArtistInfoView.swift in Sources */ = {isa = PBXBuildFile; fileRef = D5806DEE9B0B7C5659EF7F65 /* ArtistInfoView.swift */; };
		9FB2B9116D6834D9BEA85406 /* IsEmptyCell.swift in Sources */ = {isa = PBXBuildFile; fileRef = 777E319B5E5F3B22C401257A /* IsEmptyCell.swift */; };
		A72C54D48F7B92F3B2961449 /* ArtistViewModel.swift in Sources */ = {isa = PBXBuildFile; fileRef = 2F94572AD3E21A053371D6AB /* ArtistViewModel.swift */; };
		AA49F394D38D8CFF960D0423 /* UI.framework in Frameworks */ = {isa = PBXBuildFile; fileRef = FFAB8E69261DF7B00B491EB6 /* UI.framework */; };
		B233A3D5F1B85098924335AE /* SetlistViewModel.swift in Sources */ = {isa = PBXBuildFile; fileRef = 6078AB30A6F9C94C40229479 /* SetlistViewModel.swift */; };
		B53758CDA9A7C7A751579B33 /* SettingViewModel.swift in Sources */ = {isa = PBXBuildFile; fileRef = 3232F2FEB4FD0BFCFCE0B77F /* SettingViewModel.swift */; };
		BC673F669E7AA86747CB1BF0 /* ArtistSetlistCell.swift in Sources */ = {isa = PBXBuildFile; fileRef = 0889EFB2B0B903778FC545AE /* ArtistSetlistCell.swift */; };
		BF015464C3C1BC99D09C647B /* CoreXLSX in Frameworks */ = {isa = PBXBuildFile; productRef = 71467F9732576A14C6681C75 /* CoreXLSX */; };
		BF3DF8B460FBB0671C7334C0 /* OnboardingView.swift in Sources */ = {isa = PBXBuildFile; fileRef = 9C4AD7A6FE7090BB3AD1BC04 /* OnboardingView.swift */; };
		C32BFA6CF1F8F98040A83268 /* SetlistView.swift in Sources */ = {isa = PBXBuildFile; fileRef = F13B904D1DF7D17856476773 /* SetlistView.swift */; };
		C56D12C45B540DEA352BA4CF /* ArchiveArtistCell.swift in Sources */ = {isa = PBXBuildFile; fileRef = 9CFC951D0055ED15096793FD /* ArchiveArtistCell.swift */; };
		CEC964C178177063152C0B76 /* SearchbarCustom.swift in Sources */ = {isa = PBXBuildFile; fileRef = C766B8B4DF5C405ABA13CEBB /* SearchbarCustom.swift */; };
		CFFD2503F60E041CCD286AE5 /* SearchArtistCell.swift in Sources */ = {isa = PBXBuildFile; fileRef = 94FBA19903928FA68FC87A0D /* SearchArtistCell.swift */; };
		D022D62B0566852C9B0ADB70 /* AllSetlistsView.swift in Sources */ = {isa = PBXBuildFile; fileRef = 81387F73BA3D6FEC0C217EE1 /* AllSetlistsView.swift */; };
		D033CBAE2F65B7E916A44BA9 /* ConcertInfoView.swift in Sources */ = {isa = PBXBuildFile; fileRef = 7391501B4523A254694E36D3 /* ConcertInfoView.swift */; };
		D99C3C15D47DFE69D26233A6 /* SettingView.swift in Sources */ = {isa = PBXBuildFile; fileRef = 2CB5A189A4C15C7D4EFEDD9C /* SettingView.swift */; };
		EC3070A8E0E0C591E7EB8D83 /* ArchiveConcertInfoCell.swift in Sources */ = {isa = PBXBuildFile; fileRef = DEB9981CC6F7982EBE581173 /* ArchiveConcertInfoCell.swift */; };
		F3E6A26AAF23964C5D5B2116 /* BookmarkedSetlistsView.swift in Sources */ = {isa = PBXBuildFile; fileRef = 75E35BB3B227839591945A42 /* BookmarkedSetlistsView.swift */; };
		F4123BA0D3124D4C0497F69D /* Feature.framework in Frameworks */ = {isa = PBXBuildFile; fileRef = 8A611D1693834F821CBD6EAD /* Feature.framework */; };
		F5956A9DF7A46AA11B481F4D /* SearchViewModel.swift in Sources */ = {isa = PBXBuildFile; fileRef = 1DC7F29C04CF52F861CA24A5 /* SearchViewModel.swift */; };
		F7235093C7DB84C0A618E0E6 /* EmptySetlistView.swift in Sources */ = {isa = PBXBuildFile; fileRef = C4D35E29F7386A0896424BDD /* EmptySetlistView.swift */; };
/* End PBXBuildFile section */

/* Begin PBXContainerItemProxy section */
		2FEEB6DDE80F803216E40ED8 /* PBXContainerItemProxy */ = {
			isa = PBXContainerItemProxy;
			containerPortal = 44191F7B9590ED06371F46BF /* Project object */;
			proxyType = 1;
			remoteGlobalIDString = 889701595646A30881D30ED8;
			remoteInfo = Feature;
		};
/* End PBXContainerItemProxy section */

/* Begin PBXCopyFilesBuildPhase section */
		30F01E56E14211AA26551CC8 /* Embed Frameworks */ = {
			isa = PBXCopyFilesBuildPhase;
			buildActionMask = 2147483647;
			dstPath = "";
			dstSubfolderSpec = 10;
			files = (
			);
			name = "Embed Frameworks";
			runOnlyForDeploymentPostprocessing = 0;
		};
		55DBDC1908CFD30C9319345E /* Embed Frameworks */ = {
			isa = PBXCopyFilesBuildPhase;
			buildActionMask = 2147483647;
			dstPath = "";
			dstSubfolderSpec = 10;
			files = (
			);
			name = "Embed Frameworks";
			runOnlyForDeploymentPostprocessing = 0;
		};
/* End PBXCopyFilesBuildPhase section */

/* Begin PBXFileReference section */
		0262BAC1BBABEA8ACE800B1F /* SearchView.swift */ = {isa = PBXFileReference; lastKnownFileType = sourcecode.swift; path = SearchView.swift; sourceTree = "<group>"; };
		0889EFB2B0B903778FC545AE /* ArtistSetlistCell.swift */ = {isa = PBXFileReference; lastKnownFileType = sourcecode.swift; path = ArtistSetlistCell.swift; sourceTree = "<group>"; };
		1DC7F29C04CF52F861CA24A5 /* SearchViewModel.swift */ = {isa = PBXFileReference; lastKnownFileType = sourcecode.swift; path = SearchViewModel.swift; sourceTree = "<group>"; };
		203EB1D01BAE365D00E42F60 /* ArtistView.swift */ = {isa = PBXFileReference; lastKnownFileType = sourcecode.swift; path = ArtistView.swift; sourceTree = "<group>"; };
		206B4F74512203B8DC967D75 /* SearchHistoryCell.swift */ = {isa = PBXFileReference; lastKnownFileType = sourcecode.swift; path = SearchHistoryCell.swift; sourceTree = "<group>"; };
		2CB5A189A4C15C7D4EFEDD9C /* SettingView.swift */ = {isa = PBXFileReference; lastKnownFileType = sourcecode.swift; path = SettingView.swift; sourceTree = "<group>"; };
		2F94572AD3E21A053371D6AB /* ArtistViewModel.swift */ = {isa = PBXFileReference; lastKnownFileType = sourcecode.swift; path = ArtistViewModel.swift; sourceTree = "<group>"; };
		2FCF902DF7D9CA7A6F12E920 /* FeatureTests-Info.plist */ = {isa = PBXFileReference; lastKnownFileType = text.plist; path = "FeatureTests-Info.plist"; sourceTree = "<group>"; };
		3232F2FEB4FD0BFCFCE0B77F /* SettingViewModel.swift */ = {isa = PBXFileReference; lastKnownFileType = sourcecode.swift; path = SettingViewModel.swift; sourceTree = "<group>"; };
		35F364327687E6A20628F831 /* Core.framework */ = {isa = PBXFileReference; explicitFileType = wrapper.framework; includeInIndex = 0; path = Core.framework; sourceTree = BUILT_PRODUCTS_DIR; };
		493DEF5A3CB257D50F23D1F6 /* SetlistFMLinkButtonView.swift */ = {isa = PBXFileReference; lastKnownFileType = sourcecode.swift; path = SetlistFMLinkButtonView.swift; sourceTree = "<group>"; };
		4CB52FD2A86596385940F794 /* ListView.swift */ = {isa = PBXFileReference; lastKnownFileType = sourcecode.swift; path = ListView.swift; sourceTree = "<group>"; };
		520D7FEEBF2374CD2488C71B /* ToastMessageView.swift */ = {isa = PBXFileReference; lastKnownFileType = sourcecode.swift; path = ToastMessageView.swift; sourceTree = "<group>"; };
		5547AB6C678181B9B5E5E98A /* ServiceExplainView.swift */ = {isa = PBXFileReference; lastKnownFileType = sourcecode.swift; path = ServiceExplainView.swift; sourceTree = "<group>"; };
		57FE13EFCC7261456CCD9E03 /* BottomModalView.swift */ = {isa = PBXFileReference; lastKnownFileType = sourcecode.swift; path = BottomModalView.swift; sourceTree = "<group>"; };
		5AAF56B0153354883134B7D3 /* MenuButton.swift */ = {isa = PBXFileReference; lastKnownFileType = sourcecode.swift; path = MenuButton.swift; sourceTree = "<group>"; };
		6078AB30A6F9C94C40229479 /* SetlistViewModel.swift */ = {isa = PBXFileReference; lastKnownFileType = sourcecode.swift; path = SetlistViewModel.swift; sourceTree = "<group>"; };
		6C634BCB7AED0EC2483D8164 /* EmptyMainSetlistView.swift */ = {isa = PBXFileReference; lastKnownFileType = sourcecode.swift; path = EmptyMainSetlistView.swift; sourceTree = "<group>"; };
		6E0BE38C7EFD9CE48B16FAE4 /* DarkModeButton.swift */ = {isa = PBXFileReference; lastKnownFileType = sourcecode.swift; path = DarkModeButton.swift; sourceTree = "<group>"; };
		7391501B4523A254694E36D3 /* ConcertInfoView.swift */ = {isa = PBXFileReference; lastKnownFileType = sourcecode.swift; path = ConcertInfoView.swift; sourceTree = "<group>"; };
		75E35BB3B227839591945A42 /* BookmarkedSetlistsView.swift */ = {isa = PBXFileReference; lastKnownFileType = sourcecode.swift; path = BookmarkedSetlistsView.swift; sourceTree = "<group>"; };
		777E319B5E5F3B22C401257A /* IsEmptyCell.swift */ = {isa = PBXFileReference; lastKnownFileType = sourcecode.swift; path = IsEmptyCell.swift; sourceTree = "<group>"; };
		8083107765017313EF49CE3A /* OnboardingViewModel.swift */ = {isa = PBXFileReference; lastKnownFileType = sourcecode.swift; path = OnboardingViewModel.swift; sourceTree = "<group>"; };
		80859AB1C625F8E5EC6CCD1C /* EmptyMainView.swift */ = {isa = PBXFileReference; lastKnownFileType = sourcecode.swift; path = EmptyMainView.swift; sourceTree = "<group>"; };
		811EED38EE073FA6E9252D7F /* MainView.swift */ = {isa = PBXFileReference; lastKnownFileType = sourcecode.swift; path = MainView.swift; sourceTree = "<group>"; };
		81387F73BA3D6FEC0C217EE1 /* AllSetlistsView.swift */ = {isa = PBXFileReference; lastKnownFileType = sourcecode.swift; path = AllSetlistsView.swift; sourceTree = "<group>"; };
		86CF8DBA75F2F66BCEC1D711 /* ArtistSetCell.swift */ = {isa = PBXFileReference; lastKnownFileType = sourcecode.swift; path = ArtistSetCell.swift; sourceTree = "<group>"; };
		8A611D1693834F821CBD6EAD /* Feature.framework */ = {isa = PBXFileReference; explicitFileType = wrapper.framework; includeInIndex = 0; path = Feature.framework; sourceTree = BUILT_PRODUCTS_DIR; };
		8B73D1E3286777029DFCAF2E /* ArchivingViewModel.swift */ = {isa = PBXFileReference; lastKnownFileType = sourcecode.swift; path = ArchivingViewModel.swift; sourceTree = "<group>"; };
		8F2175F963B082B7C3E85D54 /* BottomView.swift */ = {isa = PBXFileReference; lastKnownFileType = sourcecode.swift; path = BottomView.swift; sourceTree = "<group>"; };
		94FBA19903928FA68FC87A0D /* SearchArtistCell.swift */ = {isa = PBXFileReference; lastKnownFileType = sourcecode.swift; path = SearchArtistCell.swift; sourceTree = "<group>"; };
		9C4AD7A6FE7090BB3AD1BC04 /* OnboardingView.swift */ = {isa = PBXFileReference; lastKnownFileType = sourcecode.swift; path = OnboardingView.swift; sourceTree = "<group>"; };
		9CFC951D0055ED15096793FD /* ArchiveArtistCell.swift */ = {isa = PBXFileReference; lastKnownFileType = sourcecode.swift; path = ArchiveArtistCell.swift; sourceTree = "<group>"; };
		A215FBB13B09E45FD00ED57C /* Feature-Info.plist */ = {isa = PBXFileReference; lastKnownFileType = text.plist; path = "Feature-Info.plist"; sourceTree = "<group>"; };
		AB796CBAC6A2C6DB4ACE654E /* SearchArtistList.swift */ = {isa = PBXFileReference; lastKnownFileType = sourcecode.swift; path = SearchArtistList.swift; sourceTree = "<group>"; };
		B2CAF19513FC0FC8E2BBF031 /* MainViewModel.swift */ = {isa = PBXFileReference; lastKnownFileType = sourcecode.swift; path = MainViewModel.swift; sourceTree = "<group>"; };
		B4A38AC09140A2108728005D /* ExportPlaylistButtonView.swift */ = {isa = PBXFileReference; lastKnownFileType = sourcecode.swift; path = ExportPlaylistButtonView.swift; sourceTree = "<group>"; };
		B7F2F8F05B58D59460428D7A /* TabBarView.swift */ = {isa = PBXFileReference; lastKnownFileType = sourcecode.swift; path = TabBarView.swift; sourceTree = "<group>"; };
		B91DB9D35DA30A20216AC9A4 /* AskView.swift */ = {isa = PBXFileReference; lastKnownFileType = sourcecode.swift; path = AskView.swift; sourceTree = "<group>"; };
		C4D35E29F7386A0896424BDD /* EmptySetlistView.swift */ = {isa = PBXFileReference; lastKnownFileType = sourcecode.swift; path = EmptySetlistView.swift; sourceTree = "<group>"; };
		C4F40CB8FD2904D8042D3C70 /* ArchivingView.swift */ = {isa = PBXFileReference; lastKnownFileType = sourcecode.swift; path = ArchivingView.swift; sourceTree = "<group>"; };
		C766B8B4DF5C405ABA13CEBB /* SearchbarCustom.swift */ = {isa = PBXFileReference; lastKnownFileType = sourcecode.swift; path = SearchbarCustom.swift; sourceTree = "<group>"; };
		D2E966455637831DC7FA52A6 /* FeatureTests.xctest */ = {isa = PBXFileReference; explicitFileType = wrapper.cfbundle; includeInIndex = 0; path = FeatureTests.xctest; sourceTree = BUILT_PRODUCTS_DIR; };
		D5806DEE9B0B7C5659EF7F65 /* ArtistInfoView.swift */ = {isa = PBXFileReference; lastKnownFileType = sourcecode.swift; path = ArtistInfoView.swift; sourceTree = "<group>"; };
		DAD79847FF98BCA9A4C8CCAF /* ArtistImage.swift */ = {isa = PBXFileReference; lastKnownFileType = sourcecode.swift; path = ArtistImage.swift; sourceTree = "<group>"; };
		DEB9981CC6F7982EBE581173 /* ArchiveConcertInfoCell.swift */ = {isa = PBXFileReference; lastKnownFileType = sourcecode.swift; path = ArchiveConcertInfoCell.swift; sourceTree = "<group>"; };
		EA12FF50D8AA023C2189056A /* ToolbarDarkModeButtons.swift */ = {isa = PBXFileReference; lastKnownFileType = sourcecode.swift; path = ToolbarDarkModeButtons.swift; sourceTree = "<group>"; };
		F13B904D1DF7D17856476773 /* SetlistView.swift */ = {isa = PBXFileReference; lastKnownFileType = sourcecode.swift; path = SetlistView.swift; sourceTree = "<group>"; };
		FFAB8E69261DF7B00B491EB6 /* UI.framework */ = {isa = PBXFileReference; explicitFileType = wrapper.framework; includeInIndex = 0; path = UI.framework; sourceTree = BUILT_PRODUCTS_DIR; };
/* End PBXFileReference section */

/* Begin PBXFrameworksBuildPhase section */
		C2B770B012D2736DAFE9B11A /* Frameworks */ = {
			isa = PBXFrameworksBuildPhase;
			buildActionMask = 2147483647;
			files = (
				F4123BA0D3124D4C0497F69D /* Feature.framework in Frameworks */,
			);
			runOnlyForDeploymentPostprocessing = 0;
		};
		E8D7D7F892784DF238F9E9C4 /* Frameworks */ = {
			isa = PBXFrameworksBuildPhase;
			buildActionMask = 2147483647;
			files = (
				3819C7BC063EFDCA572FD7BF /* Core.framework in Frameworks */,
				AA49F394D38D8CFF960D0423 /* UI.framework in Frameworks */,
				BF015464C3C1BC99D09C647B /* CoreXLSX in Frameworks */,
			);
			runOnlyForDeploymentPostprocessing = 0;
		};
/* End PBXFrameworksBuildPhase section */

/* Begin PBXGroup section */
		07D45D89AD382E079D6E8AC7 /* ArtistScene */ = {
			isa = PBXGroup;
			children = (
				3CE39C84C0D9A5BE5F955C95 /* View */,
				2EDD6F1A1A82585AB101B146 /* ViewModel */,
			);
			path = ArtistScene;
			sourceTree = "<group>";
		};
		0D8A263344ADAE654A37E011 /* Component */ = {
			isa = PBXGroup;
			children = (
				94FBA19903928FA68FC87A0D /* SearchArtistCell.swift */,
				AB796CBAC6A2C6DB4ACE654E /* SearchArtistList.swift */,
				C766B8B4DF5C405ABA13CEBB /* SearchbarCustom.swift */,
				206B4F74512203B8DC967D75 /* SearchHistoryCell.swift */,
			);
			path = Component;
			sourceTree = "<group>";
		};
		0DC793669A8FFC3F4C7741FB /* View */ = {
			isa = PBXGroup;
			children = (
				57FE13EFCC7261456CCD9E03 /* BottomModalView.swift */,
				8F2175F963B082B7C3E85D54 /* BottomView.swift */,
				7391501B4523A254694E36D3 /* ConcertInfoView.swift */,
				C4D35E29F7386A0896424BDD /* EmptySetlistView.swift */,
				4CB52FD2A86596385940F794 /* ListView.swift */,
				F13B904D1DF7D17856476773 /* SetlistView.swift */,
			);
			path = View;
			sourceTree = "<group>";
		};
		1778F1436BBACF0B0F61717F /* View */ = {
			isa = PBXGroup;
			children = (
				9C4AD7A6FE7090BB3AD1BC04 /* OnboardingView.swift */,
			);
			path = View;
			sourceTree = "<group>";
		};
		17CB872AC00E793C76D10747 /* SettingScene */ = {
			isa = PBXGroup;
			children = (
				98BE433AEE893FB59184DAA4 /* View */,
				E8B1309BC430B4592B907BC0 /* ViewModel */,
			);
			path = SettingScene;
			sourceTree = "<group>";
		};
		1E4BCC9FA52881309D189527 /* MainScene */ = {
			isa = PBXGroup;
			children = (
				8E014BE7CCC288B6D23A44FF /* Component */,
				472F1E8C6BF5F5D3FE5C5C64 /* View */,
				C21CE84523F08E32BAC0A815 /* ViewModel */,
			);
			path = MainScene;
			sourceTree = "<group>";
		};
		2AC800C4A6C6B50E5E5CCDAF /* SetlistScene */ = {
			isa = PBXGroup;
			children = (
				41B843765E6AD7CE71E731A5 /* Component */,
				0DC793669A8FFC3F4C7741FB /* View */,
				ED41C20DDFE82AF1DA140D73 /* ViewModel */,
			);
			path = SetlistScene;
			sourceTree = "<group>";
		};
		2EDD6F1A1A82585AB101B146 /* ViewModel */ = {
			isa = PBXGroup;
			children = (
				2F94572AD3E21A053371D6AB /* ArtistViewModel.swift */,
			);
			path = ViewModel;
			sourceTree = "<group>";
		};
		3CE39C84C0D9A5BE5F955C95 /* View */ = {
			isa = PBXGroup;
			children = (
				81387F73BA3D6FEC0C217EE1 /* AllSetlistsView.swift */,
				D5806DEE9B0B7C5659EF7F65 /* ArtistInfoView.swift */,
				203EB1D01BAE365D00E42F60 /* ArtistView.swift */,
				75E35BB3B227839591945A42 /* BookmarkedSetlistsView.swift */,
			);
			path = View;
			sourceTree = "<group>";
		};
		41B843765E6AD7CE71E731A5 /* Component */ = {
			isa = PBXGroup;
			children = (
				B4A38AC09140A2108728005D /* ExportPlaylistButtonView.swift */,
				493DEF5A3CB257D50F23D1F6 /* SetlistFMLinkButtonView.swift */,
				520D7FEEBF2374CD2488C71B /* ToastMessageView.swift */,
			);
			path = Component;
			sourceTree = "<group>";
		};
		472F1E8C6BF5F5D3FE5C5C64 /* View */ = {
			isa = PBXGroup;
			children = (
				811EED38EE073FA6E9252D7F /* MainView.swift */,
				B7F2F8F05B58D59460428D7A /* TabBarView.swift */,
			);
			path = View;
			sourceTree = "<group>";
		};
		47D9A39E45687A9BACB2BEC5 /* Derived */ = {
			isa = PBXGroup;
			children = (
				AA476BACFF1FE77A2E869E4B /* InfoPlists */,
			);
			path = Derived;
			sourceTree = "<group>";
		};
		48F6722CA62D2646F716C0F0 /* Scenes */ = {
			isa = PBXGroup;
			children = (
				5C3F5CC91689B43480025D3A /* ArchiveScene */,
				07D45D89AD382E079D6E8AC7 /* ArtistScene */,
				1E4BCC9FA52881309D189527 /* MainScene */,
				85583253DFD2A4C30ED241DE /* OnboardingScene */,
				B9DEE02445017E26BC98FA76 /* SearchScene */,
				2AC800C4A6C6B50E5E5CCDAF /* SetlistScene */,
				17CB872AC00E793C76D10747 /* SettingScene */,
			);
			path = Scenes;
			sourceTree = "<group>";
		};
		5C3F5CC91689B43480025D3A /* ArchiveScene */ = {
			isa = PBXGroup;
			children = (
				E0D3AFEC1AEF5B0F8ED71806 /* Component */,
				8ECED7BE23A224945FDB9DCC /* View */,
				753539E5D5CC37A0AD027D79 /* ViewModel */,
			);
			path = ArchiveScene;
			sourceTree = "<group>";
		};
		6DC82FD44AFA8E6846CC19FE = {
			isa = PBXGroup;
			children = (
				C05AC50F60B178F60E99048B /* Project */,
				FF84802DBECE1160D2AE52BE /* Frameworks */,
				F37C3A4FE623C846745B9CE2 /* Products */,
			);
			sourceTree = "<group>";
		};
		6F1FAD0170F62395764AB5E8 /* ViewModel */ = {
			isa = PBXGroup;
			children = (
				1DC7F29C04CF52F861CA24A5 /* SearchViewModel.swift */,
			);
			path = ViewModel;
			sourceTree = "<group>";
		};
		753539E5D5CC37A0AD027D79 /* ViewModel */ = {
			isa = PBXGroup;
			children = (
				8B73D1E3286777029DFCAF2E /* ArchivingViewModel.swift */,
			);
			path = ViewModel;
			sourceTree = "<group>";
		};
		85583253DFD2A4C30ED241DE /* OnboardingScene */ = {
			isa = PBXGroup;
			children = (
				1778F1436BBACF0B0F61717F /* View */,
				8F89D83F7C433DA7FAA7F07D /* ViewModel */,
			);
			path = OnboardingScene;
			sourceTree = "<group>";
		};
		8E014BE7CCC288B6D23A44FF /* Component */ = {
			isa = PBXGroup;
			children = (
				DAD79847FF98BCA9A4C8CCAF /* ArtistImage.swift */,
				0889EFB2B0B903778FC545AE /* ArtistSetlistCell.swift */,
				6E0BE38C7EFD9CE48B16FAE4 /* DarkModeButton.swift */,
				6C634BCB7AED0EC2483D8164 /* EmptyMainSetlistView.swift */,
				80859AB1C625F8E5EC6CCD1C /* EmptyMainView.swift */,
				EA12FF50D8AA023C2189056A /* ToolbarDarkModeButtons.swift */,
			);
			path = Component;
			sourceTree = "<group>";
		};
		8ECED7BE23A224945FDB9DCC /* View */ = {
			isa = PBXGroup;
			children = (
				C4F40CB8FD2904D8042D3C70 /* ArchivingView.swift */,
			);
			path = View;
			sourceTree = "<group>";
		};
		8F89D83F7C433DA7FAA7F07D /* ViewModel */ = {
			isa = PBXGroup;
			children = (
				8083107765017313EF49CE3A /* OnboardingViewModel.swift */,
			);
			path = ViewModel;
			sourceTree = "<group>";
		};
		98BE433AEE893FB59184DAA4 /* View */ = {
			isa = PBXGroup;
			children = (
				B91DB9D35DA30A20216AC9A4 /* AskView.swift */,
				5547AB6C678181B9B5E5E98A /* ServiceExplainView.swift */,
				2CB5A189A4C15C7D4EFEDD9C /* SettingView.swift */,
			);
			path = View;
			sourceTree = "<group>";
		};
		AA476BACFF1FE77A2E869E4B /* InfoPlists */ = {
			isa = PBXGroup;
			children = (
				A215FBB13B09E45FD00ED57C /* Feature-Info.plist */,
				2FCF902DF7D9CA7A6F12E920 /* FeatureTests-Info.plist */,
			);
			path = InfoPlists;
			sourceTree = "<group>";
		};
		B9DEE02445017E26BC98FA76 /* SearchScene */ = {
			isa = PBXGroup;
			children = (
				0D8A263344ADAE654A37E011 /* Component */,
				EDB83D4F2DB0C0E285E7D622 /* View */,
				6F1FAD0170F62395764AB5E8 /* ViewModel */,
			);
			path = SearchScene;
			sourceTree = "<group>";
		};
		C05AC50F60B178F60E99048B /* Project */ = {
			isa = PBXGroup;
			children = (
				47D9A39E45687A9BACB2BEC5 /* Derived */,
				48F6722CA62D2646F716C0F0 /* Scenes */,
			);
			name = Project;
			sourceTree = "<group>";
		};
		C21CE84523F08E32BAC0A815 /* ViewModel */ = {
			isa = PBXGroup;
			children = (
				B2CAF19513FC0FC8E2BBF031 /* MainViewModel.swift */,
			);
			path = ViewModel;
			sourceTree = "<group>";
		};
		E0D3AFEC1AEF5B0F8ED71806 /* Component */ = {
			isa = PBXGroup;
			children = (
				9CFC951D0055ED15096793FD /* ArchiveArtistCell.swift */,
				DEB9981CC6F7982EBE581173 /* ArchiveConcertInfoCell.swift */,
				86CF8DBA75F2F66BCEC1D711 /* ArtistSetCell.swift */,
				777E319B5E5F3B22C401257A /* IsEmptyCell.swift */,
				5AAF56B0153354883134B7D3 /* MenuButton.swift */,
			);
			path = Component;
			sourceTree = "<group>";
		};
		E8B1309BC430B4592B907BC0 /* ViewModel */ = {
			isa = PBXGroup;
			children = (
				3232F2FEB4FD0BFCFCE0B77F /* SettingViewModel.swift */,
			);
			path = ViewModel;
			sourceTree = "<group>";
		};
		ED41C20DDFE82AF1DA140D73 /* ViewModel */ = {
			isa = PBXGroup;
			children = (
				6078AB30A6F9C94C40229479 /* SetlistViewModel.swift */,
			);
			path = ViewModel;
			sourceTree = "<group>";
		};
		EDB83D4F2DB0C0E285E7D622 /* View */ = {
			isa = PBXGroup;
			children = (
				0262BAC1BBABEA8ACE800B1F /* SearchView.swift */,
			);
			path = View;
			sourceTree = "<group>";
		};
		F37C3A4FE623C846745B9CE2 /* Products */ = {
			isa = PBXGroup;
			children = (
				35F364327687E6A20628F831 /* Core.framework */,
				8A611D1693834F821CBD6EAD /* Feature.framework */,
				D2E966455637831DC7FA52A6 /* FeatureTests.xctest */,
				FFAB8E69261DF7B00B491EB6 /* UI.framework */,
			);
			name = Products;
			sourceTree = "<group>";
		};
		FF84802DBECE1160D2AE52BE /* Frameworks */ = {
			isa = PBXGroup;
			children = (
			);
			name = Frameworks;
			sourceTree = "<group>";
		};
/* End PBXGroup section */

/* Begin PBXNativeTarget section */
		889701595646A30881D30ED8 /* Feature */ = {
			isa = PBXNativeTarget;
			buildConfigurationList = B67372031E0DFDF7E3094C3B /* Build configuration list for PBXNativeTarget "Feature" */;
			buildPhases = (
				53F209187786739294416107 /* SwiftLint */,
				12BBED2B0678C3C1EF1BF7A4 /* Sources */,
				8E0437CF7E5C538AD21C9785 /* Resources */,
				30F01E56E14211AA26551CC8 /* Embed Frameworks */,
				E8D7D7F892784DF238F9E9C4 /* Frameworks */,
			);
			buildRules = (
			);
			dependencies = (
			);
			name = Feature;
			packageProductDependencies = (
				71467F9732576A14C6681C75 /* CoreXLSX */,
			);
			productName = Feature;
			productReference = 8A611D1693834F821CBD6EAD /* Feature.framework */;
			productType = "com.apple.product-type.framework";
		};
		B80BEDE90B5E77851A6B8979 /* FeatureTests */ = {
			isa = PBXNativeTarget;
			buildConfigurationList = EC9E0E42AA5E46FB80F3B0CF /* Build configuration list for PBXNativeTarget "FeatureTests" */;
			buildPhases = (
				B9AEA4401A61474D48854E4C /* Sources */,
				53E96F0A5BE9F15958E1034C /* Resources */,
				55DBDC1908CFD30C9319345E /* Embed Frameworks */,
				C2B770B012D2736DAFE9B11A /* Frameworks */,
			);
			buildRules = (
			);
			dependencies = (
				2DEDAB6663C589F852EA958E /* PBXTargetDependency */,
			);
			name = FeatureTests;
			productName = FeatureTests;
			productReference = D2E966455637831DC7FA52A6 /* FeatureTests.xctest */;
			productType = "com.apple.product-type.bundle.unit-test";
		};
/* End PBXNativeTarget section */

/* Begin PBXProject section */
		44191F7B9590ED06371F46BF /* Project object */ = {
			isa = PBXProject;
			attributes = {
				BuildIndependentTargetsInParallel = YES;
				ORGANIZATIONNAME = com.creative8.seta;
				TargetAttributes = {
				};
			};
			buildConfigurationList = 31B40DEAC22225C89EF80B24 /* Build configuration list for PBXProject "Feature" */;
			compatibilityVersion = "Xcode 14.0";
			developmentRegion = en;
			hasScannedForEncodings = 0;
			knownRegions = (
				Base,
				en,
			);
			mainGroup = 6DC82FD44AFA8E6846CC19FE;
			productRefGroup = F37C3A4FE623C846745B9CE2 /* Products */;
			projectDirPath = "";
			projectRoot = "";
			targets = (
				889701595646A30881D30ED8 /* Feature */,
				B80BEDE90B5E77851A6B8979 /* FeatureTests */,
			);
		};
/* End PBXProject section */

/* Begin PBXResourcesBuildPhase section */
		53E96F0A5BE9F15958E1034C /* Resources */ = {
			isa = PBXResourcesBuildPhase;
			buildActionMask = 2147483647;
			files = (
			);
			runOnlyForDeploymentPostprocessing = 0;
		};
		8E0437CF7E5C538AD21C9785 /* Resources */ = {
			isa = PBXResourcesBuildPhase;
			buildActionMask = 2147483647;
			files = (
			);
			runOnlyForDeploymentPostprocessing = 0;
		};
/* End PBXResourcesBuildPhase section */

/* Begin PBXShellScriptBuildPhase section */
		53F209187786739294416107 /* SwiftLint */ = {
			isa = PBXShellScriptBuildPhase;
			alwaysOutOfDate = 1;
			buildActionMask = 2147483647;
			files = (
			);
			inputFileListPaths = (
			);
			inputPaths = (
			);
			name = SwiftLint;
			outputFileListPaths = (
			);
			outputPaths = (
			);
			runOnlyForDeploymentPostprocessing = 0;
			shellPath = /bin/sh;
			shellScript = "ROOT_DIR=/Users/choihyowon/Desktop/2023/ADA/Mac/Setlist\n        \n${ROOT_DIR}/swiftlint --config ${ROOT_DIR}/.swiftlint.yml";
		};
/* End PBXShellScriptBuildPhase section */

/* Begin PBXSourcesBuildPhase section */
		12BBED2B0678C3C1EF1BF7A4 /* Sources */ = {
			isa = PBXSourcesBuildPhase;
			buildActionMask = 2147483647;
			files = (
				C56D12C45B540DEA352BA4CF /* ArchiveArtistCell.swift in Sources */,
				EC3070A8E0E0C591E7EB8D83 /* ArchiveConcertInfoCell.swift in Sources */,
				5FE54878808838FA5FDA55AE /* ArtistSetCell.swift in Sources */,
				9FB2B9116D6834D9BEA85406 /* IsEmptyCell.swift in Sources */,
				351EAAF6DF49AD4AAEB6CBF4 /* MenuButton.swift in Sources */,
				2426977C88C49F8E00251361 /* ArchivingView.swift in Sources */,
				50075F8687CFE39236D263F4 /* ArchivingViewModel.swift in Sources */,
				D022D62B0566852C9B0ADB70 /* AllSetlistsView.swift in Sources */,
				9BDAC9C92EE177410F1DBF27 /* ArtistInfoView.swift in Sources */,
				03EA814D84858AD2B3D35638 /* ArtistView.swift in Sources */,
				F3E6A26AAF23964C5D5B2116 /* BookmarkedSetlistsView.swift in Sources */,
				A72C54D48F7B92F3B2961449 /* ArtistViewModel.swift in Sources */,
				7611BAD555C16F6A7E0CEA5C /* ArtistImage.swift in Sources */,
				BC673F669E7AA86747CB1BF0 /* ArtistSetlistCell.swift in Sources */,
				63DD0A2B661E07B3E70974F0 /* DarkModeButton.swift in Sources */,
				2B00133D0C22198A1958FCDA /* EmptyMainSetlistView.swift in Sources */,
				6272736B46A19746BC5ECD16 /* EmptyMainView.swift in Sources */,
				99E8610FF72038F8F89492B4 /* ToolbarDarkModeButtons.swift in Sources */,
				7895A841E262B3C4586F6BDC /* MainView.swift in Sources */,
				720A765913530AA37CFF00B4 /* TabBarView.swift in Sources */,
				6EA0587A8956D298CD666573 /* MainViewModel.swift in Sources */,
				BF3DF8B460FBB0671C7334C0 /* OnboardingView.swift in Sources */,
				069FC56BB3B65A8510E24FE4 /* OnboardingViewModel.swift in Sources */,
				CFFD2503F60E041CCD286AE5 /* SearchArtistCell.swift in Sources */,
				900EC881930541C98C607D30 /* SearchArtistList.swift in Sources */,
				33B67F64711DE0EEBC7CFDEA /* SearchHistoryCell.swift in Sources */,
				CEC964C178177063152C0B76 /* SearchbarCustom.swift in Sources */,
				08A19712E89A1D55144198CA /* SearchView.swift in Sources */,
				F5956A9DF7A46AA11B481F4D /* SearchViewModel.swift in Sources */,
				390C2CA1FA51DFD3ADDB15F7 /* ExportPlaylistButtonView.swift in Sources */,
				802686A7E7B66DD12F44A9A9 /* SetlistFMLinkButtonView.swift in Sources */,
				5F88406A5A4A13DE97BEE8A3 /* ToastMessageView.swift in Sources */,
				45E137825C53EDE9F91D957D /* BottomModalView.swift in Sources */,
				1534C309B3179EAE42C4FFD2 /* BottomView.swift in Sources */,
				D033CBAE2F65B7E916A44BA9 /* ConcertInfoView.swift in Sources */,
				F7235093C7DB84C0A618E0E6 /* EmptySetlistView.swift in Sources */,
				460E36BE01BF8CD2CCB18941 /* ListView.swift in Sources */,
				C32BFA6CF1F8F98040A83268 /* SetlistView.swift in Sources */,
				B233A3D5F1B85098924335AE /* SetlistViewModel.swift in Sources */,
				26207C1F0FDC8804D56D3F9F /* AskView.swift in Sources */,
				4C0C8A9631102214FC39D7B5 /* ServiceExplainView.swift in Sources */,
				D99C3C15D47DFE69D26233A6 /* SettingView.swift in Sources */,
				B53758CDA9A7C7A751579B33 /* SettingViewModel.swift in Sources */,
			);
			runOnlyForDeploymentPostprocessing = 0;
		};
		B9AEA4401A61474D48854E4C /* Sources */ = {
			isa = PBXSourcesBuildPhase;
			buildActionMask = 2147483647;
			files = (
			);
			runOnlyForDeploymentPostprocessing = 0;
		};
/* End PBXSourcesBuildPhase section */

/* Begin PBXTargetDependency section */
		2DEDAB6663C589F852EA958E /* PBXTargetDependency */ = {
			isa = PBXTargetDependency;
			name = Feature;
			target = 889701595646A30881D30ED8 /* Feature */;
			targetProxy = 2FEEB6DDE80F803216E40ED8 /* PBXContainerItemProxy */;
		};
/* End PBXTargetDependency section */

/* Begin XCBuildConfiguration section */
		4B53596B37518A13579011AA /* Release */ = {
			isa = XCBuildConfiguration;
			buildSettings = {
				CODE_SIGN_IDENTITY = "";
				CURRENT_PROJECT_VERSION = 1;
				DEFINES_MODULE = YES;
				DYLIB_COMPATIBILITY_VERSION = 1;
				DYLIB_CURRENT_VERSION = 1;
				DYLIB_INSTALL_NAME_BASE = "@rpath";
				INFOPLIST_FILE = "Derived/InfoPlists/Feature-Info.plist";
				INSTALL_PATH = "$(LOCAL_LIBRARY_DIR)/Frameworks";
				IPHONEOS_DEPLOYMENT_TARGET = 17.0;
				LD_RUNPATH_SEARCH_PATHS = (
					"$(inherited)",
					"@executable_path/Frameworks",
					"@loader_path/Frameworks",
				);
				PRODUCT_BUNDLE_IDENTIFIER = com.creative8.seta.Feature;
				PRODUCT_NAME = Feature;
				SDKROOT = iphoneos;
				SKIP_INSTALL = YES;
				SUPPORTS_MACCATALYST = NO;
				SUPPORTS_MAC_DESIGNED_FOR_IPHONE_IPAD = YES;
				SUPPORTS_XR_DESIGNED_FOR_IPHONE_IPAD = NO;
				SWIFT_COMPILATION_MODE = wholemodule;
				SWIFT_OPTIMIZATION_LEVEL = "-Owholemodule";
				SWIFT_VERSION = 5.0;
				TARGETED_DEVICE_FAMILY = 1;
				VERSIONING_SYSTEM = "apple-generic";
				VERSION_INFO_PREFIX = "";
			};
			name = Release;
		};
		6EFF9D149948A6D4F64C2657 /* Debug */ = {
			isa = XCBuildConfiguration;
			buildSettings = {
				CODE_SIGN_IDENTITY = "iPhone Developer";
				INFOPLIST_FILE = "Derived/InfoPlists/FeatureTests-Info.plist";
				IPHONEOS_DEPLOYMENT_TARGET = 17.0;
				LD_RUNPATH_SEARCH_PATHS = (
					"$(inherited)",
					"@executable_path/Frameworks",
					"@loader_path/Frameworks",
				);
				PRODUCT_BUNDLE_IDENTIFIER = com.creative8.seta.FeatureTests;
				PRODUCT_NAME = FeatureTests;
				SDKROOT = iphoneos;
				SUPPORTS_MACCATALYST = NO;
				SUPPORTS_MAC_DESIGNED_FOR_IPHONE_IPAD = YES;
				SUPPORTS_XR_DESIGNED_FOR_IPHONE_IPAD = NO;
				SWIFT_ACTIVE_COMPILATION_CONDITIONS = DEBUG;
				SWIFT_COMPILATION_MODE = singlefile;
				SWIFT_OPTIMIZATION_LEVEL = "-Onone";
				SWIFT_VERSION = 5.0;
				TARGETED_DEVICE_FAMILY = 1;
			};
			name = Debug;
		};
		998D3497CFC5E33F38DE643C /* Debug */ = {
			isa = XCBuildConfiguration;
			buildSettings = {
				CODE_SIGN_IDENTITY = "";
				CURRENT_PROJECT_VERSION = 1;
				DEFINES_MODULE = YES;
				DYLIB_COMPATIBILITY_VERSION = 1;
				DYLIB_CURRENT_VERSION = 1;
				DYLIB_INSTALL_NAME_BASE = "@rpath";
				INFOPLIST_FILE = "Derived/InfoPlists/Feature-Info.plist";
				INSTALL_PATH = "$(LOCAL_LIBRARY_DIR)/Frameworks";
				IPHONEOS_DEPLOYMENT_TARGET = 17.0;
				LD_RUNPATH_SEARCH_PATHS = (
					"$(inherited)",
					"@executable_path/Frameworks",
					"@loader_path/Frameworks",
				);
				PRODUCT_BUNDLE_IDENTIFIER = com.creative8.seta.Feature;
				PRODUCT_NAME = Feature;
				SDKROOT = iphoneos;
				SKIP_INSTALL = YES;
				SUPPORTS_MACCATALYST = NO;
				SUPPORTS_MAC_DESIGNED_FOR_IPHONE_IPAD = YES;
				SUPPORTS_XR_DESIGNED_FOR_IPHONE_IPAD = NO;
				SWIFT_ACTIVE_COMPILATION_CONDITIONS = DEBUG;
				SWIFT_COMPILATION_MODE = singlefile;
				SWIFT_OPTIMIZATION_LEVEL = "-Onone";
				SWIFT_VERSION = 5.0;
				TARGETED_DEVICE_FAMILY = 1;
				VERSIONING_SYSTEM = "apple-generic";
				VERSION_INFO_PREFIX = "";
			};
			name = Debug;
		};
		AAE080D5F12040C609BA8590 /* Release */ = {
			isa = XCBuildConfiguration;
			buildSettings = {
				ALWAYS_SEARCH_USER_PATHS = NO;
				CLANG_ANALYZER_LOCALIZABILITY_NONLOCALIZED = YES;
				CLANG_ANALYZER_NONNULL = YES;
				CLANG_ANALYZER_NUMBER_OBJECT_CONVERSION = YES_AGGRESSIVE;
				CLANG_CXX_LANGUAGE_STANDARD = "gnu++14";
				CLANG_CXX_LIBRARY = "libc++";
				CLANG_ENABLE_MODULES = YES;
				CLANG_ENABLE_OBJC_ARC = YES;
				CLANG_ENABLE_OBJC_WEAK = YES;
				CLANG_WARN_BLOCK_CAPTURE_AUTORELEASING = YES;
				CLANG_WARN_BOOL_CONVERSION = YES;
				CLANG_WARN_COMMA = YES;
				CLANG_WARN_CONSTANT_CONVERSION = YES;
				CLANG_WARN_DEPRECATED_OBJC_IMPLEMENTATIONS = YES;
				CLANG_WARN_DIRECT_OBJC_ISA_USAGE = YES_ERROR;
				CLANG_WARN_DOCUMENTATION_COMMENTS = YES;
				CLANG_WARN_EMPTY_BODY = YES;
				CLANG_WARN_ENUM_CONVERSION = YES;
				CLANG_WARN_INFINITE_RECURSION = YES;
				CLANG_WARN_INT_CONVERSION = YES;
				CLANG_WARN_NON_LITERAL_NULL_CONVERSION = YES;
				CLANG_WARN_OBJC_IMPLICIT_RETAIN_SELF = YES;
				CLANG_WARN_OBJC_LITERAL_CONVERSION = YES;
				CLANG_WARN_OBJC_ROOT_CLASS = YES_ERROR;
				CLANG_WARN_QUOTED_INCLUDE_IN_FRAMEWORK_HEADER = YES;
				CLANG_WARN_RANGE_LOOP_ANALYSIS = YES;
				CLANG_WARN_STRICT_PROTOTYPES = YES;
				CLANG_WARN_SUSPICIOUS_MOVE = YES;
				CLANG_WARN_UNGUARDED_AVAILABILITY = YES_AGGRESSIVE;
				CLANG_WARN_UNREACHABLE_CODE = YES;
				CLANG_WARN__DUPLICATE_METHOD_MATCH = YES;
				COPY_PHASE_STRIP = NO;
				DEAD_CODE_STRIPPING = YES;
				DEBUG_INFORMATION_FORMAT = "dwarf-with-dsym";
				ENABLE_NS_ASSERTIONS = NO;
				ENABLE_STRICT_OBJC_MSGSEND = YES;
				GCC_C_LANGUAGE_STANDARD = gnu11;
				GCC_NO_COMMON_BLOCKS = YES;
				GCC_WARN_64_TO_32_BIT_CONVERSION = YES;
				GCC_WARN_ABOUT_RETURN_TYPE = YES_ERROR;
				GCC_WARN_UNDECLARED_SELECTOR = YES;
				GCC_WARN_UNINITIALIZED_AUTOS = YES_AGGRESSIVE;
				GCC_WARN_UNUSED_FUNCTION = YES;
				GCC_WARN_UNUSED_VARIABLE = YES;
				MTL_ENABLE_DEBUG_INFO = NO;
				PRODUCT_NAME = "$(TARGET_NAME)";
				VALIDATE_PRODUCT = YES;
			};
			name = Release;
		};
		BE21BD744EDF8D6BE01C636F /* Debug */ = {
			isa = XCBuildConfiguration;
			buildSettings = {
				ALWAYS_SEARCH_USER_PATHS = NO;
				CLANG_ANALYZER_LOCALIZABILITY_NONLOCALIZED = YES;
				CLANG_ANALYZER_NONNULL = YES;
				CLANG_ANALYZER_NUMBER_OBJECT_CONVERSION = YES_AGGRESSIVE;
				CLANG_CXX_LANGUAGE_STANDARD = "gnu++14";
				CLANG_CXX_LIBRARY = "libc++";
				CLANG_ENABLE_MODULES = YES;
				CLANG_ENABLE_OBJC_ARC = YES;
				CLANG_ENABLE_OBJC_WEAK = YES;
				CLANG_WARN_BLOCK_CAPTURE_AUTORELEASING = YES;
				CLANG_WARN_BOOL_CONVERSION = YES;
				CLANG_WARN_COMMA = YES;
				CLANG_WARN_CONSTANT_CONVERSION = YES;
				CLANG_WARN_DEPRECATED_OBJC_IMPLEMENTATIONS = YES;
				CLANG_WARN_DIRECT_OBJC_ISA_USAGE = YES_ERROR;
				CLANG_WARN_DOCUMENTATION_COMMENTS = YES;
				CLANG_WARN_EMPTY_BODY = YES;
				CLANG_WARN_ENUM_CONVERSION = YES;
				CLANG_WARN_INFINITE_RECURSION = YES;
				CLANG_WARN_INT_CONVERSION = YES;
				CLANG_WARN_NON_LITERAL_NULL_CONVERSION = YES;
				CLANG_WARN_OBJC_IMPLICIT_RETAIN_SELF = YES;
				CLANG_WARN_OBJC_LITERAL_CONVERSION = YES;
				CLANG_WARN_OBJC_ROOT_CLASS = YES_ERROR;
				CLANG_WARN_QUOTED_INCLUDE_IN_FRAMEWORK_HEADER = YES;
				CLANG_WARN_RANGE_LOOP_ANALYSIS = YES;
				CLANG_WARN_STRICT_PROTOTYPES = YES;
				CLANG_WARN_SUSPICIOUS_MOVE = YES;
				CLANG_WARN_UNGUARDED_AVAILABILITY = YES_AGGRESSIVE;
				CLANG_WARN_UNREACHABLE_CODE = YES;
				CLANG_WARN__DUPLICATE_METHOD_MATCH = YES;
				COPY_PHASE_STRIP = NO;
				DEAD_CODE_STRIPPING = YES;
				DEBUG_INFORMATION_FORMAT = dwarf;
				ENABLE_STRICT_OBJC_MSGSEND = YES;
				ENABLE_TESTABILITY = YES;
				GCC_C_LANGUAGE_STANDARD = gnu11;
				GCC_DYNAMIC_NO_PIC = NO;
				GCC_NO_COMMON_BLOCKS = YES;
				GCC_OPTIMIZATION_LEVEL = 0;
				GCC_PREPROCESSOR_DEFINITIONS = (
					"DEBUG=1",
					"$(inherited)",
				);
				GCC_WARN_64_TO_32_BIT_CONVERSION = YES;
				GCC_WARN_ABOUT_RETURN_TYPE = YES_ERROR;
				GCC_WARN_UNDECLARED_SELECTOR = YES;
				GCC_WARN_UNINITIALIZED_AUTOS = YES_AGGRESSIVE;
				GCC_WARN_UNUSED_FUNCTION = YES;
				GCC_WARN_UNUSED_VARIABLE = YES;
				MTL_ENABLE_DEBUG_INFO = YES;
				ONLY_ACTIVE_ARCH = YES;
				PRODUCT_NAME = "$(TARGET_NAME)";
			};
			name = Debug;
		};
		C224BA4A33122E440BD50EB2 /* Release */ = {
			isa = XCBuildConfiguration;
			buildSettings = {
				CODE_SIGN_IDENTITY = "iPhone Developer";
				INFOPLIST_FILE = "Derived/InfoPlists/FeatureTests-Info.plist";
				IPHONEOS_DEPLOYMENT_TARGET = 17.0;
				LD_RUNPATH_SEARCH_PATHS = (
					"$(inherited)",
					"@executable_path/Frameworks",
					"@loader_path/Frameworks",
				);
				PRODUCT_BUNDLE_IDENTIFIER = com.creative8.seta.FeatureTests;
				PRODUCT_NAME = FeatureTests;
				SDKROOT = iphoneos;
				SUPPORTS_MACCATALYST = NO;
				SUPPORTS_MAC_DESIGNED_FOR_IPHONE_IPAD = YES;
				SUPPORTS_XR_DESIGNED_FOR_IPHONE_IPAD = NO;
				SWIFT_COMPILATION_MODE = wholemodule;
				SWIFT_OPTIMIZATION_LEVEL = "-Owholemodule";
				SWIFT_VERSION = 5.0;
				TARGETED_DEVICE_FAMILY = 1;
			};
			name = Release;
		};
/* End XCBuildConfiguration section */

/* Begin XCConfigurationList section */
		31B40DEAC22225C89EF80B24 /* Build configuration list for PBXProject "Feature" */ = {
			isa = XCConfigurationList;
			buildConfigurations = (
				BE21BD744EDF8D6BE01C636F /* Debug */,
				AAE080D5F12040C609BA8590 /* Release */,
			);
			defaultConfigurationIsVisible = 0;
			defaultConfigurationName = Release;
		};
		B67372031E0DFDF7E3094C3B /* Build configuration list for PBXNativeTarget "Feature" */ = {
			isa = XCConfigurationList;
			buildConfigurations = (
				998D3497CFC5E33F38DE643C /* Debug */,
				4B53596B37518A13579011AA /* Release */,
			);
			defaultConfigurationIsVisible = 0;
			defaultConfigurationName = Release;
		};
		EC9E0E42AA5E46FB80F3B0CF /* Build configuration list for PBXNativeTarget "FeatureTests" */ = {
			isa = XCConfigurationList;
			buildConfigurations = (
				6EFF9D149948A6D4F64C2657 /* Debug */,
				C224BA4A33122E440BD50EB2 /* Release */,
			);
			defaultConfigurationIsVisible = 0;
			defaultConfigurationName = Release;
		};
/* End XCConfigurationList section */

/* Begin XCSwiftPackageProductDependency section */
		71467F9732576A14C6681C75 /* CoreXLSX */ = {
			isa = XCSwiftPackageProductDependency;
			productName = CoreXLSX;
		};
/* End XCSwiftPackageProductDependency section */
	};
	rootObject = 44191F7B9590ED06371F46BF /* Project object */;
}
